// !$*UTF8*$!
{
	archiveVersion = 1;
	classes = {
	};
	objectVersion = 56;
	objects = {

/* Begin PBXBuildFile section */
		615BFF2D2D43A3C70011EE97 /* desafio7App.swift in Sources */ = {isa = PBXBuildFile; fileRef = 615BFF2C2D43A3C70011EE97 /* desafio7App.swift */; };
		615BFF2F2D43A3C70011EE97 /* ContentView.swift in Sources */ = {isa = PBXBuildFile; fileRef = 615BFF2E2D43A3C70011EE97 /* ContentView.swift */; };
		615BFF312D43A3C80011EE97 /* Assets.xcassets in Resources */ = {isa = PBXBuildFile; fileRef = 615BFF302D43A3C80011EE97 /* Assets.xcassets */; };
		615BFF342D43A3C80011EE97 /* Preview Assets.xcassets in Resources */ = {isa = PBXBuildFile; fileRef = 615BFF332D43A3C80011EE97 /* Preview Assets.xcassets */; };
		615BFF3B2D5B81420011EE97 /* modo1.swift in Sources */ = {isa = PBXBuildFile; fileRef = 615BFF3A2D5B81420011EE97 /* modo1.swift */; };
		615BFF3D2D5B814F0011EE97 /* modo2.swift in Sources */ = {isa = PBXBuildFile; fileRef = 615BFF3C2D5B814F0011EE97 /* modo2.swift */; };
		615BFF3F2D5B81780011EE97 /* sheetview1.swift in Sources */ = {isa = PBXBuildFile; fileRef = 615BFF3E2D5B81780011EE97 /* sheetview1.swift */; };
		615BFF412D5B818B0011EE97 /* modo3.swift in Sources */ = {isa = PBXBuildFile; fileRef = 615BFF402D5B818B0011EE97 /* modo3.swift */; };
/* End PBXBuildFile section */

/* Begin PBXFileReference section */
		615BFF292D43A3C70011EE97 /* desafio7.app */ = {isa = PBXFileReference; explicitFileType = wrapper.application; includeInIndex = 0; path = desafio7.app; sourceTree = BUILT_PRODUCTS_DIR; };
		615BFF2C2D43A3C70011EE97 /* desafio7App.swift */ = {isa = PBXFileReference; lastKnownFileType = sourcecode.swift; path = desafio7App.swift; sourceTree = "<group>"; };
		615BFF2E2D43A3C70011EE97 /* ContentView.swift */ = {isa = PBXFileReference; lastKnownFileType = sourcecode.swift; path = ContentView.swift; sourceTree = "<group>"; };
		615BFF302D43A3C80011EE97 /* Assets.xcassets */ = {isa = PBXFileReference; lastKnownFileType = folder.assetcatalog; path = Assets.xcassets; sourceTree = "<group>"; };
		615BFF332D43A3C80011EE97 /* Preview Assets.xcassets */ = {isa = PBXFileReference; lastKnownFileType = folder.assetcatalog; path = "Preview Assets.xcassets"; sourceTree = "<group>"; };
		615BFF3A2D5B81420011EE97 /* modo1.swift */ = {isa = PBXFileReference; lastKnownFileType = sourcecode.swift; path = modo1.swift; sourceTree = "<group>"; };
		615BFF3C2D5B814F0011EE97 /* modo2.swift */ = {isa = PBXFileReference; lastKnownFileType = sourcecode.swift; path = modo2.swift; sourceTree = "<group>"; };
		615BFF3E2D5B81780011EE97 /* sheetview1.swift */ = {isa = PBXFileReference; lastKnownFileType = sourcecode.swift; path = sheetview1.swift; sourceTree = "<group>"; };
		615BFF402D5B818B0011EE97 /* modo3.swift */ = {isa = PBXFileReference; lastKnownFileType = sourcecode.swift; path = modo3.swift; sourceTree = "<group>"; };
/* End PBXFileReference section */

/* Begin PBXFrameworksBuildPhase section */
		615BFF262D43A3C70011EE97 /* Frameworks */ = {
			isa = PBXFrameworksBuildPhase;
			buildActionMask = 2147483647;
			files = (
			);
			runOnlyForDeploymentPostprocessing = 0;
		};
/* End PBXFrameworksBuildPhase section */

/* Begin PBXGroup section */
		615BFF202D43A3C70011EE97 = {
			isa = PBXGroup;
			children = (
				615BFF2B2D43A3C70011EE97 /* desafio7 */,
				615BFF2A2D43A3C70011EE97 /* Products */,
			);
			sourceTree = "<group>";
		};
		615BFF2A2D43A3C70011EE97 /* Products */ = {
			isa = PBXGroup;
			children = (
				615BFF292D43A3C70011EE97 /* desafio7.app */,
			);
			name = Products;
			sourceTree = "<group>";
		};
		615BFF2B2D43A3C70011EE97 /* desafio7 */ = {
			isa = PBXGroup;
			children = (
				615BFF2C2D43A3C70011EE97 /* desafio7App.swift */,
				615BFF2E2D43A3C70011EE97 /* ContentView.swift */,
				615BFF302D43A3C80011EE97 /* Assets.xcassets */,
				615BFF322D43A3C80011EE97 /* Preview Content */,
				615BFF3A2D5B81420011EE97 /* modo1.swift */,
				615BFF3C2D5B814F0011EE97 /* modo2.swift */,
				615BFF402D5B818B0011EE97 /* modo3.swift */,
				615BFF3E2D5B81780011EE97 /* sheetview1.swift */,
			);
			path = desafio7;
			sourceTree = "<group>";
		};
		615BFF322D43A3C80011EE97 /* Preview Content */ = {
			isa = PBXGroup;
			children = (
				615BFF332D43A3C80011EE97 /* Preview Assets.xcassets */,
			);
			path = "Preview Content";
			sourceTree = "<group>";
		};
/* End PBXGroup section */

/* Begin PBXNativeTarget section */
		615BFF282D43A3C70011EE97 /* desafio7 */ = {
			isa = PBXNativeTarget;
			buildConfigurationList = 615BFF372D43A3C80011EE97 /* Build configuration list for PBXNativeTarget "desafio7" */;
			buildPhases = (
				615BFF252D43A3C70011EE97 /* Sources */,
				615BFF262D43A3C70011EE97 /* Frameworks */,
				615BFF272D43A3C70011EE97 /* Resources */,
			);
			buildRules = (
			);
			dependencies = (
			);
			name = desafio7;
			productName = desafio7;
			productReference = 615BFF292D43A3C70011EE97 /* desafio7.app */;
			productType = "com.apple.product-type.application";
		};
/* End PBXNativeTarget section */

/* Begin PBXProject section */
		615BFF212D43A3C70011EE97 /* Project object */ = {
			isa = PBXProject;
			attributes = {
				BuildIndependentTargetsInParallel = 1;
				LastSwiftUpdateCheck = 1540;
				LastUpgradeCheck = 1540;
				TargetAttributes = {
					615BFF282D43A3C70011EE97 = {
						CreatedOnToolsVersion = 15.4;
					};
				};
			};
			buildConfigurationList = 615BFF242D43A3C70011EE97 /* Build configuration list for PBXProject "desafio7" */;
			compatibilityVersion = "Xcode 14.0";
			developmentRegion = en;
			hasScannedForEncodings = 0;
			knownRegions = (
				en,
				Base,
			);
			mainGroup = 615BFF202D43A3C70011EE97;
			productRefGroup = 615BFF2A2D43A3C70011EE97 /* Products */;
			projectDirPath = "";
			projectRoot = "";
			targets = (
				615BFF282D43A3C70011EE97 /* desafio7 */,
			);
		};
/* End PBXProject section */

/* Begin PBXResourcesBuildPhase section */
		615BFF272D43A3C70011EE97 /* Resources */ = {
			isa = PBXResourcesBuildPhase;
			buildActionMask = 2147483647;
			files = (
				615BFF342D43A3C80011EE97 /* Preview Assets.xcassets in Resources */,
				615BFF312D43A3C80011EE97 /* Assets.xcassets in Resources */,
			);
			runOnlyForDeploymentPostprocessing = 0;
		};
/* End PBXResourcesBuildPhase section */

/* Begin PBXSourcesBuildPhase section */
		615BFF252D43A3C70011EE97 /* Sources */ = {
			isa = PBXSourcesBuildPhase;
			buildActionMask = 2147483647;
			files = (
				615BFF2F2D43A3C70011EE97 /* ContentView.swift in Sources */,
				615BFF3B2D5B81420011EE97 /* modo1.swift in Sources */,
				615BFF3F2D5B81780011EE97 /* sheetview1.swift in Sources */,
				615BFF2D2D43A3C70011EE97 /* desafio7App.swift in Sources */,
				615BFF412D5B818B0011EE97 /* modo3.swift in Sources */,
				615BFF3D2D5B814F0011EE97 /* modo2.swift in Sources */,
			);
			runOnlyForDeploymentPostprocessing = 0;
		};
/* End PBXSourcesBuildPhase section */

/* Begin XCBuildConfiguration section */
		615BFF352D43A3C80011EE97 /* Debug */ = {
			isa = XCBuildConfiguration;
			buildSettings = {
				ALWAYS_SEARCH_USER_PATHS = NO;
				ASSETCATALOG_COMPILER_GENERATE_SWIFT_ASSET_SYMBOL_EXTENSIONS = YES;
				CLANG_ANALYZER_NONNULL = YES;
				CLANG_ANALYZER_NUMBER_OBJECT_CONVERSION = YES_AGGRESSIVE;
				CLANG_CXX_LANGUAGE_STANDARD = "gnu++20";
				CLANG_ENABLE_MODULES = YES;
				CLANG_ENABLE_OBJC_ARC = YES;
				CLANG_ENABLE_OBJC_WEAK = YES;
				CLANG_WARN_BLOCK_CAPTURE_AUTORELEASING = YES;
				CLANG_WARN_BOOL_CONVERSION = YES;
				CLANG_WARN_COMMA = YES;
				CLANG_WARN_CONSTANT_CONVERSION = YES;
				CLANG_WARN_DEPRECATED_OBJC_IMPLEMENTATIONS = YES;
				CLANG_WARN_DIRECT_OBJC_ISA_USAGE = YES_ERROR;
				CLANG_WARN_DOCUMENTATION_COMMENTS = YES;
				CLANG_WARN_EMPTY_BODY = YES;
				CLANG_WARN_ENUM_CONVERSION = YES;
				CLANG_WARN_INFINITE_RECURSION = YES;
				CLANG_WARN_INT_CONVERSION = YES;
				CLANG_WARN_NON_LITERAL_NULL_CONVERSION = YES;
				CLANG_WARN_OBJC_IMPLICIT_RETAIN_SELF = YES;
				CLANG_WARN_OBJC_LITERAL_CONVERSION = YES;
				CLANG_WARN_OBJC_ROOT_CLASS = YES_ERROR;
				CLANG_WARN_QUOTED_INCLUDE_IN_FRAMEWORK_HEADER = YES;
				CLANG_WARN_RANGE_LOOP_ANALYSIS = YES;
				CLANG_WARN_STRICT_PROTOTYPES = YES;
				CLANG_WARN_SUSPICIOUS_MOVE = YES;
				CLANG_WARN_UNGUARDED_AVAILABILITY = YES_AGGRESSIVE;
				CLANG_WARN_UNREACHABLE_CODE = YES;
				CLANG_WARN__DUPLICATE_METHOD_MATCH = YES;
				COPY_PHASE_STRIP = NO;
				DEBUG_INFORMATION_FORMAT = dwarf;
				ENABLE_STRICT_OBJC_MSGSEND = YES;
				ENABLE_TESTABILITY = YES;
				ENABLE_USER_SCRIPT_SANDBOXING = YES;
				GCC_C_LANGUAGE_STANDARD = gnu17;
				GCC_DYNAMIC_NO_PIC = NO;
				GCC_NO_COMMON_BLOCKS = YES;
				GCC_OPTIMIZATION_LEVEL = 0;
				GCC_PREPROCESSOR_DEFINITIONS = (
					"DEBUG=1",
					"$(inherited)",
				);
				GCC_WARN_64_TO_32_BIT_CONVERSION = YES;
				GCC_WARN_ABOUT_RETURN_TYPE = YES_ERROR;
				GCC_WARN_UNDECLARED_SELECTOR = YES;
				GCC_WARN_UNINITIALIZED_AUTOS = YES_AGGRESSIVE;
				GCC_WARN_UNUSED_FUNCTION = YES;
				GCC_WARN_UNUSED_VARIABLE = YES;
				IPHONEOS_DEPLOYMENT_TARGET = 17.5;
				LOCALIZATION_PREFERS_STRING_CATALOGS = YES;
				MTL_ENABLE_DEBUG_INFO = INCLUDE_SOURCE;
				MTL_FAST_MATH = YES;
				ONLY_ACTIVE_ARCH = YES;
				SDKROOT = iphoneos;
				SWIFT_ACTIVE_COMPILATION_CONDITIONS = "DEBUG $(inherited)";
				SWIFT_OPTIMIZATION_LEVEL = "-Onone";
			};
			name = Debug;
		};
		615BFF362D43A3C80011EE97 /* Release */ = {
			isa = XCBuildConfiguration;
			buildSettings = {
				ALWAYS_SEARCH_USER_PATHS = NO;
				ASSETCATALOG_COMPILER_GENERATE_SWIFT_ASSET_SYMBOL_EXTENSIONS = YES;
				CLANG_ANALYZER_NONNULL = YES;
				CLANG_ANALYZER_NUMBER_OBJECT_CONVERSION = YES_AGGRESSIVE;
				CLANG_CXX_LANGUAGE_STANDARD = "gnu++20";
				CLANG_ENABLE_MODULES = YES;
				CLANG_ENABLE_OBJC_ARC = YES;
				CLANG_ENABLE_OBJC_WEAK = YES;
				CLANG_WARN_BLOCK_CAPTURE_AUTORELEASING = YES;
				CLANG_WARN_BOOL_CONVERSION = YES;
				CLANG_WARN_COMMA = YES;
				CLANG_WARN_CONSTANT_CONVERSION = YES;
				CLANG_WARN_DEPRECATED_OBJC_IMPLEMENTATIONS = YES;
				CLANG_WARN_DIRECT_OBJC_ISA_USAGE = YES_ERROR;
				CLANG_WARN_DOCUMENTATION_COMMENTS = YES;
				CLANG_WARN_EMPTY_BODY = YES;
				CLANG_WARN_ENUM_CONVERSION = YES;
				CLANG_WARN_INFINITE_RECURSION = YES;
				CLANG_WARN_INT_CONVERSION = YES;
				CLANG_WARN_NON_LITERAL_NULL_CONVERSION = YES;
				CLANG_WARN_OBJC_IMPLICIT_RETAIN_SELF = YES;
				CLANG_WARN_OBJC_LITERAL_CONVERSION = YES;
				CLANG_WARN_OBJC_ROOT_CLASS = YES_ERROR;
				CLANG_WARN_QUOTED_INCLUDE_IN_FRAMEWORK_HEADER = YES;
				CLANG_WARN_RANGE_LOOP_ANALYSIS = YES;
				CLANG_WARN_STRICT_PROTOTYPES = YES;
				CLANG_WARN_SUSPICIOUS_MOVE = YES;
				CLANG_WARN_UNGUARDED_AVAILABILITY = YES_AGGRESSIVE;
				CLANG_WARN_UNREACHABLE_CODE = YES;
				CLANG_WARN__DUPLICATE_METHOD_MATCH = YES;
				COPY_PHASE_STRIP = NO;
				DEBUG_INFORMATION_FORMAT = "dwarf-with-dsym";
				ENABLE_NS_ASSERTIONS = NO;
				ENABLE_STRICT_OBJC_MSGSEND = YES;
				ENABLE_USER_SCRIPT_SANDBOXING = YES;
				GCC_C_LANGUAGE_STANDARD = gnu17;
				GCC_NO_COMMON_BLOCKS = YES;
				GCC_WARN_64_TO_32_BIT_CONVERSION = YES;
				GCC_WARN_ABOUT_RETURN_TYPE = YES_ERROR;
				GCC_WARN_UNDECLARED_SELECTOR = YES;
				GCC_WARN_UNINITIALIZED_AUTOS = YES_AGGRESSIVE;
				GCC_WARN_UNUSED_FUNCTION = YES;
				GCC_WARN_UNUSED_VARIABLE = YES;
				IPHONEOS_DEPLOYMENT_TARGET = 17.5;
				LOCALIZATION_PREFERS_STRING_CATALOGS = YES;
				MTL_ENABLE_DEBUG_INFO = NO;
				MTL_FAST_MATH = YES;
				SDKROOT = iphoneos;
				SWIFT_COMPILATION_MODE = wholemodule;
				VALIDATE_PRODUCT = YES;
			};
			name = Release;
		};
		615BFF382D43A3C80011EE97 /* Debug */ = {
			isa = XCBuildConfiguration;
			buildSettings = {
				ASSETCATALOG_COMPILER_APPICON_NAME = AppIcon;
				ASSETCATALOG_COMPILER_GLOBAL_ACCENT_COLOR_NAME = AccentColor;
				CODE_SIGN_STYLE = Automatic;
				CURRENT_PROJECT_VERSION = 1;
				DEVELOPMENT_ASSET_PATHS = "\"desafio7/Preview Content\"";
				ENABLE_PREVIEWS = YES;
				GENERATE_INFOPLIST_FILE = YES;
				INFOPLIST_KEY_UIApplicationSceneManifest_Generation = YES;
				INFOPLIST_KEY_UIApplicationSupportsIndirectInputEvents = YES;
				INFOPLIST_KEY_UILaunchScreen_Generation = YES;
				INFOPLIST_KEY_UISupportedInterfaceOrientations_iPad = "UIInterfaceOrientationPortrait UIInterfaceOrientationPortraitUpsideDown UIInterfaceOrientationLandscapeLeft UIInterfaceOrientationLandscapeRight";
				INFOPLIST_KEY_UISupportedInterfaceOrientations_iPhone = "UIInterfaceOrientationPortrait UIInterfaceOrientationLandscapeLeft UIInterfaceOrientationLandscapeRight";
				LD_RUNPATH_SEARCH_PATHS = (
					"$(inherited)",
					"@executable_path/Frameworks",
				);
				MARKETING_VERSION = 1.0;
				PRODUCT_BUNDLE_IDENTIFIER = luiz.desafio7;
				PRODUCT_NAME = "$(TARGET_NAME)";
				SWIFT_EMIT_LOC_STRINGS = YES;
				SWIFT_VERSION = 5.0;
				TARGETED_DEVICE_FAMILY = "1,2";
			};
			name = Debug;
		};
		615BFF392D43A3C80011EE97 /* Release */ = {
			isa = XCBuildConfiguration;
			buildSettings = {
				ASSETCATALOG_COMPILER_APPICON_NAME = AppIcon;
				ASSETCATALOG_COMPILER_GLOBAL_ACCENT_COLOR_NAME = AccentColor;
				CODE_SIGN_STYLE = Automatic;
				CURRENT_PROJECT_VERSION = 1;
				DEVELOPMENT_ASSET_PATHS = "\"desafio7/Preview Content\"";
				ENABLE_PREVIEWS = YES;
				GENERATE_INFOPLIST_FILE = YES;
				INFOPLIST_KEY_UIApplicationSceneManifest_Generation = YES;
				INFOPLIST_KEY_UIApplicationSupportsIndirectInputEvents = YES;
				INFOPLIST_KEY_UILaunchScreen_Generation = YES;
				INFOPLIST_KEY_UISupportedInterfaceOrientations_iPad = "UIInterfaceOrientationPortrait UIInterfaceOrientationPortraitUpsideDown UIInterfaceOrientationLandscapeLeft UIInterfaceOrientationLandscapeRight";
				INFOPLIST_KEY_UISupportedInterfaceOrientations_iPhone = "UIInterfaceOrientationPortrait UIInterfaceOrientationLandscapeLeft UIInterfaceOrientationLandscapeRight";
				LD_RUNPATH_SEARCH_PATHS = (
					"$(inherited)",
					"@executable_path/Frameworks",
				);
				MARKETING_VERSION = 1.0;
				PRODUCT_BUNDLE_IDENTIFIER = luiz.desafio7;
				PRODUCT_NAME = "$(TARGET_NAME)";
				SWIFT_EMIT_LOC_STRINGS = YES;
				SWIFT_VERSION = 5.0;
				TARGETED_DEVICE_FAMILY = "1,2";
			};
			name = Release;
		};
/* End XCBuildConfiguration section */

/* Begin XCConfigurationList section */
		615BFF242D43A3C70011EE97 /* Build configuration list for PBXProject "desafio7" */ = {
			isa = XCConfigurationList;
			buildConfigurations = (
				615BFF352D43A3C80011EE97 /* Debug */,
				615BFF362D43A3C80011EE97 /* Release */,
			);
			defaultConfigurationIsVisible = 0;
			defaultConfigurationName = Release;
		};
		615BFF372D43A3C80011EE97 /* Build configuration list for PBXNativeTarget "desafio7" */ = {
			isa = XCConfigurationList;
			buildConfigurations = (
				615BFF382D43A3C80011EE97 /* Debug */,
				615BFF392D43A3C80011EE97 /* Release */,
			);
			defaultConfigurationIsVisible = 0;
			defaultConfigurationName = Release;
		};
/* End XCConfigurationList section */
	};
	rootObject = 615BFF212D43A3C70011EE97 /* Project object */;
}
